
Microsoft Visual Studio Solution File, Format Version 12.00
# Visual Studio Version 16
VisualStudioVersion = 16.0.29306.81
MinimumVisualStudioVersion = 10.0.40219.1
Project("{FAE04EC0-301F-11D3-BF4B-00C04F79EFBC}") = "textAdventure2", "textAdventure2\textAdventure2.csproj", "{578FC5CC-4E35-4E17-862A-C79892067F4A}"
EndProject
Global
	GlobalSection(SolutionConfigurationPlatforms) = preSolution
		Debug|Any CPU = Debug|Any CPU
		Release|Any CPU = Release|Any CPU
	EndGlobalSection
	GlobalSection(ProjectConfigurationPlatforms) = postSolution
		{578FC5CC-4E35-4E17-862A-C79892067F4A}.Debug|Any CPU.ActiveCfg = Debug|Any CPU
		{578FC5CC-4E35-4E17-862A-C79892067F4A}.Debug|Any CPU.Build.0 = Debug|Any CPU
		{578FC5CC-4E35-4E17-862A-C79892067F4A}.Release|Any CPU.ActiveCfg = Release|Any CPU
		{578FC5CC-4E35-4E17-862A-C79892067F4A}.Release|Any CPU.Build.0 = Release|Any CPU
	EndGlobalSection
	GlobalSection(SolutionProperties) = preSolution
		HideSolutionNode = FALSE
	EndGlobalSection
	GlobalSection(ExtensibilityGlobals) = postSolution
		SolutionGuid = {5937255D-C452-4210-ACF3-1472A1E1EA42}
	EndGlobalSection
EndGlobal
